<?xml version="1.0" encoding="utf-8"?>
<Project ToolsVersion="4.0" xmlns="http://schemas.microsoft.com/developer/msbuild/2003">
  <ItemGroup>
    <Filter Include="Source Files">
      <UniqueIdentifier>{4FC737F1-C7A5-4376-A066-2A32D752A2FF}</UniqueIdentifier>
      <Extensions>cpp;c;cc;cxx;def;odl;idl;hpj;bat;asm;asmx</Extensions>
    </Filter>
    <Filter Include="Header Files">
      <UniqueIdentifier>{93995380-89BD-4b04-88EB-625FBE52EBFB}</UniqueIdentifier>
      <Extensions>h;hh;hpp;hxx;hm;inl;inc;xsd</Extensions>
    </Filter>
    <Filter Include="Resource Files">
      <UniqueIdentifier>{67DA6AB6-F800-4c08-8B7A-83BB121AAD01}</UniqueIdentifier>
      <Extensions>rc;ico;cur;bmp;dlg;rc2;rct;bin;rgs;gif;jpg;jpeg;jpe;resx;tiff;tif;png;wav;mfcribbon-ms</Extensions>
    </Filter>
    <Filter Include="Shaders">
      <UniqueIdentifier>{0c0faa13-437e-4de8-a4e2-7da7b8792ca6}</UniqueIdentifier>
    </Filter>
  </ItemGroup>
  <ItemGroup>
    <ClCompile Include="Main.c">
      <Filter>Source Files</Filter>
    </ClCompile>
    <ClCompile Include="Bitmap.c">
      <Filter>Source Files</Filter>
    </ClCompile>
    <ClCompile Include="Shader.c">
      <Filter>Source Files</Filter>
    </ClCompile>
    <ClCompile Include="Error.c">
      <Filter>Source Files</Filter>
    </ClCompile>
    <ClCompile Include="Resource.c">
      <Filter>Source Files</Filter>
    </ClCompile>
    <ClCompile Include="Texture.c">
      <Filter>Source Files</Filter>
    </ClCompile>
    <ClCompile Include="Timing.c">
      <Filter>Source Files</Filter>
    </ClCompile>
    <ClCompile Include="Text.c">
      <Filter>Source Files</Filter>
    </ClCompile>
    <ClCompile Include="IO.c">
      <Filter>Source Files</Filter>
    </ClCompile>
    <ClCompile Include="String.c">
      <Filter>Source Files</Filter>
    </ClCompile>
    <ClCompile Include="Dvar.c">
      <Filter>Source Files</Filter>
    </ClCompile>
    <ClCompile Include="Board.c">
      <Filter>Source Files</Filter>
    </ClCompile>
    <ClCompile Include="Block.c">
      <Filter>Source Files</Filter>
    </ClCompile>
    <ClCompile Include="Console.c">
      <Filter>Source Files</Filter>
    </ClCompile>
    <ClCompile Include="Callbacks.c">
      <Filter>Source Files</Filter>
    </ClCompile>
    <ClCompile Include="Settings.c">
      <Filter>Source Files</Filter>
    </ClCompile>
    <ClCompile Include="Config.c">
      <Filter>Source Files</Filter>
    </ClCompile>
  </ItemGroup>
  <ItemGroup>
    <ClInclude Include="Bitmap.h">
      <Filter>Header Files</Filter>
    </ClInclude>
    <ClInclude Include="Shader.h">
      <Filter>Header Files</Filter>
    </ClInclude>
    <ClInclude Include="Error.h">
      <Filter>Header Files</Filter>
    </ClInclude>
    <ClInclude Include="Resource.h">
      <Filter>Header Files</Filter>
    </ClInclude>
    <ClInclude Include="Texture.h">
      <Filter>Header Files</Filter>
    </ClInclude>
    <ClInclude Include="Timing.h">
      <Filter>Header Files</Filter>
    </ClInclude>
    <ClInclude Include="Vertex.h">
      <Filter>Header Files</Filter>
    </ClInclude>
    <ClInclude Include="Text.h">
      <Filter>Header Files</Filter>
    </ClInclude>
    <ClInclude Include="IO.h">
      <Filter>Header Files</Filter>
    </ClInclude>
    <ClInclude Include="String.h">
      <Filter>Header Files</Filter>
    </ClInclude>
    <ClInclude Include="Dvar.h">
      <Filter>Header Files</Filter>
    </ClInclude>
    <ClInclude Include="Board.h">
      <Filter>Header Files</Filter>
    </ClInclude>
    <ClInclude Include="Block.h">
      <Filter>Header Files</Filter>
    </ClInclude>
    <ClInclude Include="Console.h">
      <Filter>Header Files</Filter>
    </ClInclude>
    <ClInclude Include="Callbacks.h">
      <Filter>Header Files</Filter>
    </ClInclude>
    <ClInclude Include="Settings.h">
      <Filter>Header Files</Filter>
    </ClInclude>
    <ClInclude Include="Config.h">
      <Filter>Header Files</Filter>
    </ClInclude>
  </ItemGroup>
  <ItemGroup>
    <ResourceCompile Include="Tetris.rc">
      <Filter>Resource Files</Filter>
    </ResourceCompile>
  </ItemGroup>
  <ItemGroup>
    <None Include="Shader.frag">
      <Filter>Shaders</Filter>
    </None>
    <None Include="Shader.vert">
      <Filter>Shaders</Filter>
    </None>
    <None Include="Text.frag">
      <Filter>Shaders</Filter>
    </None>
  </ItemGroup>
  <ItemGroup>
    <Manifest Include="Tetris.exe.manifest">
      <Filter>Resource Files</Filter>
    </Manifest>
  </ItemGroup>
  <ItemGroup>
    <Image Include="ICON.ICO">
      <Filter>Resource Files</Filter>
    </Image>
  </ItemGroup>
</Project>